
Microsoft Visual Studio Solution File, Format Version 12.00
# Visual Studio Version 17
VisualStudioVersion = 17.2.32516.85
MinimumVisualStudioVersion = 10.0.40219.1
Project("{FAE04EC0-301F-11D3-BF4B-00C04F79EFBC}") = "HomeWork (new module Telegrambot)", "HomeWork (new module Telegrambot)\HomeWork (new module Telegrambot).csproj", "{3D6B0331-DA55-4053-A068-4D13A7786E72}"
EndProject
Global
	GlobalSection(SolutionConfigurationPlatforms) = preSolution
		Debug|Any CPU = Debug|Any CPU
		Release|Any CPU = Release|Any CPU
	EndGlobalSection
	GlobalSection(ProjectConfigurationPlatforms) = postSolution
		{3D6B0331-DA55-4053-A068-4D13A7786E72}.Debug|Any CPU.ActiveCfg = Debug|Any CPU
		{3D6B0331-DA55-4053-A068-4D13A7786E72}.Debug|Any CPU.Build.0 = Debug|Any CPU
		{3D6B0331-DA55-4053-A068-4D13A7786E72}.Release|Any CPU.ActiveCfg = Release|Any CPU
		{3D6B0331-DA55-4053-A068-4D13A7786E72}.Release|Any CPU.Build.0 = Release|Any CPU
	EndGlobalSection
	GlobalSection(SolutionProperties) = preSolution
		HideSolutionNode = FALSE
	EndGlobalSection
	GlobalSection(ExtensibilityGlobals) = postSolution
		SolutionGuid = {323F630D-DC06-4E9F-9E9D-D074BF489214}
	EndGlobalSection
EndGlobal
